PODS:
  - Expecta (0.2.4)
  - KIF (3.3.0):
    - KIF/Core (= 3.3.0)
  - KIF/Core (3.3.0)
  - OCHamcrest (4.3.0)
  - OCMockito (1.4.0):
    - OCHamcrest (~> 4.0)
  - Specta (1.0.4)

DEPENDENCIES:
  - Expecta (~> 0.2.4)
  - KIF (~> 3.0)
  - OCMockito (~> 1.0)
  - Specta (from `https://github.com/specta/specta.git`)

EXTERNAL SOURCES:
  Specta:
    :git: https://github.com/specta/specta.git

CHECKOUT OPTIONS:
  Specta:
    :commit: c07c003cfe3a41fa510567e2e0a9fd7f5ae3b098
    :git: https://github.com/specta/specta.git

SPEC CHECKSUMS:
  Expecta: cfaf1d3e2e194ca704a25e997093d30a1ce70b61
  KIF: 0a82046d06f3648799cac522d2d0f7934214caac
  OCHamcrest: cd63d27f48a266d4412c0b295b01b8f0940efa81
  OCMockito: 4981140c9a9ec06c31af40f636e3c0f25f27e6b2
  Specta: 69bb134672aae190a1379ff91df07dad8dd1f869

COCOAPODS: 0.39.0
